
Microsoft Visual Studio Solution File, Format Version 12.00
# Visual Studio 15
VisualStudioVersion = 15.0.27703.2042
MinimumVisualStudioVersion = 10.0.40219.1
Project("{FAE04EC0-301F-11D3-BF4B-00C04F79EFBC}") = "TaskManagerAPI", "TaskManagerAPI\TaskManagerAPI.csproj", "{B5B2755E-40EF-48A4-9460-39A97E81F23B}"
EndProject
Project("{FAE04EC0-301F-11D3-BF4B-00C04F79EFBC}") = "TaskManager.BLL", "TaskManager.BLL\TaskManager.BLL.csproj", "{E647045C-65D6-4A51-8995-ED1C8F16C40F}"
EndProject
Project("{FAE04EC0-301F-11D3-BF4B-00C04F79EFBC}") = "TaskManager.DLL", "TaskManager.DLL\TaskManager.DLL.csproj", "{0B07C059-CCB6-4E58-908B-819FD61ACBC4}"
EndProject
Global
	GlobalSection(SolutionConfigurationPlatforms) = preSolution
		Debug|Any CPU = Debug|Any CPU
		Release|Any CPU = Release|Any CPU
	EndGlobalSection
	GlobalSection(ProjectConfigurationPlatforms) = postSolution
		{B5B2755E-40EF-48A4-9460-39A97E81F23B}.Debug|Any CPU.ActiveCfg = Debug|Any CPU
		{B5B2755E-40EF-48A4-9460-39A97E81F23B}.Debug|Any CPU.Build.0 = Debug|Any CPU
		{B5B2755E-40EF-48A4-9460-39A97E81F23B}.Release|Any CPU.ActiveCfg = Release|Any CPU
		{B5B2755E-40EF-48A4-9460-39A97E81F23B}.Release|Any CPU.Build.0 = Release|Any CPU
		{E647045C-65D6-4A51-8995-ED1C8F16C40F}.Debug|Any CPU.ActiveCfg = Debug|Any CPU
		{E647045C-65D6-4A51-8995-ED1C8F16C40F}.Debug|Any CPU.Build.0 = Debug|Any CPU
		{E647045C-65D6-4A51-8995-ED1C8F16C40F}.Release|Any CPU.ActiveCfg = Release|Any CPU
		{E647045C-65D6-4A51-8995-ED1C8F16C40F}.Release|Any CPU.Build.0 = Release|Any CPU
		{0B07C059-CCB6-4E58-908B-819FD61ACBC4}.Debug|Any CPU.ActiveCfg = Debug|Any CPU
		{0B07C059-CCB6-4E58-908B-819FD61ACBC4}.Debug|Any CPU.Build.0 = Debug|Any CPU
		{0B07C059-CCB6-4E58-908B-819FD61ACBC4}.Release|Any CPU.ActiveCfg = Release|Any CPU
		{0B07C059-CCB6-4E58-908B-819FD61ACBC4}.Release|Any CPU.Build.0 = Release|Any CPU
	EndGlobalSection
	GlobalSection(SolutionProperties) = preSolution
		HideSolutionNode = FALSE
	EndGlobalSection
	GlobalSection(ExtensibilityGlobals) = postSolution
		SolutionGuid = {43B1189A-F355-4901-A5DA-BAE385CE892C}
	EndGlobalSection
EndGlobal
